
Microsoft Visual Studio Solution File, Format Version 12.00
# Visual Studio Version 17
VisualStudioVersion = 17.5.33103.201
MinimumVisualStudioVersion = 10.0.40219.1
Project("{FAE04EC0-301F-11D3-BF4B-00C04F79EFBC}") = "TestExercise", "TestexErcise\TestExercise.csproj", "{33F4DE15-E92E-4B98-BB46-51995C37782F}"
EndProject
Global
	GlobalSection(SolutionConfigurationPlatforms) = preSolution
		Debug|Any CPU = Debug|Any CPU
		Release|Any CPU = Release|Any CPU
	EndGlobalSection
	GlobalSection(ProjectConfigurationPlatforms) = postSolution
		{33F4DE15-E92E-4B98-BB46-51995C37782F}.Debug|Any CPU.ActiveCfg = Debug|Any CPU
		{33F4DE15-E92E-4B98-BB46-51995C37782F}.Debug|Any CPU.Build.0 = Debug|Any CPU
		{33F4DE15-E92E-4B98-BB46-51995C37782F}.Release|Any CPU.ActiveCfg = Release|Any CPU
		{33F4DE15-E92E-4B98-BB46-51995C37782F}.Release|Any CPU.Build.0 = Release|Any CPU
	EndGlobalSection
	GlobalSection(SolutionProperties) = preSolution
		HideSolutionNode = FALSE
	EndGlobalSection
	GlobalSection(ExtensibilityGlobals) = postSolution
		SolutionGuid = {1A5D0936-BFF7-4D81-8223-19090A8C41D8}
	EndGlobalSection
EndGlobal
